
Microsoft Visual Studio Solution File, Format Version 12.00
# Visual Studio Version 17
VisualStudioVersion = 17.10.34916.146
MinimumVisualStudioVersion = 10.0.40219.1
Project("{9A19103F-16F7-4668-BE54-9A1E7A4F7556}") = "BBMPCITZAPI", "BBMPCITZAPI.csproj", "{490473BF-C644-411C-8AB6-CAC792679610}"
EndProject
Global
	GlobalSection(SolutionConfigurationPlatforms) = preSolution
		Debug|Any CPU = Debug|Any CPU
		Release|Any CPU = Release|Any CPU
	EndGlobalSection
	GlobalSection(ProjectConfigurationPlatforms) = postSolution
		{490473BF-C644-411C-8AB6-CAC792679610}.Debug|Any CPU.ActiveCfg = Debug|Any CPU
		{490473BF-C644-411C-8AB6-CAC792679610}.Debug|Any CPU.Build.0 = Debug|Any CPU
		{490473BF-C644-411C-8AB6-CAC792679610}.Release|Any CPU.ActiveCfg = Release|Any CPU
		{490473BF-C644-411C-8AB6-CAC792679610}.Release|Any CPU.Build.0 = Release|Any CPU
	EndGlobalSection
	GlobalSection(SolutionProperties) = preSolution
		HideSolutionNode = FALSE
	EndGlobalSection
	GlobalSection(ExtensibilityGlobals) = postSolution
		SolutionGuid = {DE482809-0CE8-4575-9D51-A6254318552D}
	EndGlobalSection
EndGlobal
